// !$*UTF8*$!
{
	archiveVersion = 1;
	classes = {
	};
	objectVersion = 46;
	objects = {

/* Begin PBXBuildFile section */
		982F4BA017E02C440058D8A1 /* srenderer.1 in CopyFiles */ = {isa = PBXBuildFile; fileRef = 982F4B9F17E02C440058D8A1 /* srenderer.1 */; };
		982F4BBC17E02C670058D8A1 /* Depthbuffer.cpp in Sources */ = {isa = PBXBuildFile; fileRef = 982F4BA717E02C670058D8A1 /* Depthbuffer.cpp */; };
		982F4BBD17E02C670058D8A1 /* Framebuffer.cpp in Sources */ = {isa = PBXBuildFile; fileRef = 982F4BAB17E02C670058D8A1 /* Framebuffer.cpp */; };
		982F4BBE17E02C670058D8A1 /* Frustum.cpp in Sources */ = {isa = PBXBuildFile; fileRef = 982F4BAD17E02C670058D8A1 /* Frustum.cpp */; };
		982F4BBF17E02C670058D8A1 /* Line.cpp in Sources */ = {isa = PBXBuildFile; fileRef = 982F4BAF17E02C670058D8A1 /* Line.cpp */; };
		982F4BC017E02C670058D8A1 /* main.cpp in Sources */ = {isa = PBXBuildFile; fileRef = 982F4BB117E02C670058D8A1 /* main.cpp */; };
		982F4BC117E02C670058D8A1 /* Makefile in Sources */ = {isa = PBXBuildFile; fileRef = 982F4BB217E02C670058D8A1 /* Makefile */; };
		982F4BC217E02C670058D8A1 /* Plane.cpp in Sources */ = {isa = PBXBuildFile; fileRef = 982F4BB317E02C670058D8A1 /* Plane.cpp */; };
		982F4BC317E02C670058D8A1 /* Renderer.cpp in Sources */ = {isa = PBXBuildFile; fileRef = 982F4BB517E02C670058D8A1 /* Renderer.cpp */; };
		982F4BC417E02C670058D8A1 /* Shader.cpp in Sources */ = {isa = PBXBuildFile; fileRef = 982F4BB717E02C670058D8A1 /* Shader.cpp */; };
		982F4BC517E02C670058D8A1 /* Viewport.cpp in Sources */ = {isa = PBXBuildFile; fileRef = 982F4BBA17E02C670058D8A1 /* Viewport.cpp */; };
		982F4BC717E02C870058D8A1 /* OpenGL.framework in Frameworks */ = {isa = PBXBuildFile; fileRef = 982F4BC617E02C870058D8A1 /* OpenGL.framework */; };
		982F4BC917E02C8C0058D8A1 /* GLUT.framework in Frameworks */ = {isa = PBXBuildFile; fileRef = 982F4BC817E02C8C0058D8A1 /* GLUT.framework */; };
/* End PBXBuildFile section */

/* Begin PBXCopyFilesBuildPhase section */
		982F4B9817E02C440058D8A1 /* CopyFiles */ = {
			isa = PBXCopyFilesBuildPhase;
			buildActionMask = 2147483647;
			dstPath = /usr/share/man/man1/;
			dstSubfolderSpec = 0;
			files = (
				982F4BA017E02C440058D8A1 /* srenderer.1 in CopyFiles */,
			);
			runOnlyForDeploymentPostprocessing = 1;
		};
/* End PBXCopyFilesBuildPhase section */

/* Begin PBXFileReference section */
		982F4B9A17E02C440058D8A1 /* srenderer */ = {isa = PBXFileReference; explicitFileType = "compiled.mach-o.executable"; includeInIndex = 0; path = srenderer; sourceTree = BUILT_PRODUCTS_DIR; };
		982F4B9F17E02C440058D8A1 /* srenderer.1 */ = {isa = PBXFileReference; lastKnownFileType = text.man; path = srenderer.1; sourceTree = "<group>"; };
		982F4BA617E02C670058D8A1 /* Colour.h */ = {isa = PBXFileReference; fileEncoding = 4; lastKnownFileType = sourcecode.c.h; name = Colour.h; path = ../../Colour.h; sourceTree = "<group>"; };
		982F4BA717E02C670058D8A1 /* Depthbuffer.cpp */ = {isa = PBXFileReference; fileEncoding = 4; lastKnownFileType = sourcecode.cpp.cpp; name = Depthbuffer.cpp; path = ../../Depthbuffer.cpp; sourceTree = "<group>"; };
		982F4BA817E02C670058D8A1 /* Depthbuffer.h */ = {isa = PBXFileReference; fileEncoding = 4; lastKnownFileType = sourcecode.c.h; name = Depthbuffer.h; path = ../../Depthbuffer.h; sourceTree = "<group>"; };
		982F4BA917E02C670058D8A1 /* Exceptions.h */ = {isa = PBXFileReference; fileEncoding = 4; lastKnownFileType = sourcecode.c.h; name = Exceptions.h; path = ../../Exceptions.h; sourceTree = "<group>"; };
		982F4BAA17E02C670058D8A1 /* Fragment.h */ = {isa = PBXFileReference; fileEncoding = 4; lastKnownFileType = sourcecode.c.h; name = Fragment.h; path = ../../Fragment.h; sourceTree = "<group>"; };
		982F4BAB17E02C670058D8A1 /* Framebuffer.cpp */ = {isa = PBXFileReference; fileEncoding = 4; lastKnownFileType = sourcecode.cpp.cpp; name = Framebuffer.cpp; path = ../../Framebuffer.cpp; sourceTree = "<group>"; };
		982F4BAC17E02C670058D8A1 /* Framebuffer.h */ = {isa = PBXFileReference; fileEncoding = 4; lastKnownFileType = sourcecode.c.h; name = Framebuffer.h; path = ../../Framebuffer.h; sourceTree = "<group>"; };
		982F4BAD17E02C670058D8A1 /* Frustum.cpp */ = {isa = PBXFileReference; fileEncoding = 4; lastKnownFileType = sourcecode.cpp.cpp; name = Frustum.cpp; path = ../../Frustum.cpp; sourceTree = "<group>"; };
		982F4BAE17E02C670058D8A1 /* Frustum.h */ = {isa = PBXFileReference; fileEncoding = 4; lastKnownFileType = sourcecode.c.h; name = Frustum.h; path = ../../Frustum.h; sourceTree = "<group>"; };
		982F4BAF17E02C670058D8A1 /* Line.cpp */ = {isa = PBXFileReference; fileEncoding = 4; lastKnownFileType = sourcecode.cpp.cpp; name = Line.cpp; path = ../../Line.cpp; sourceTree = "<group>"; };
		982F4BB017E02C670058D8A1 /* Line.h */ = {isa = PBXFileReference; fileEncoding = 4; lastKnownFileType = sourcecode.c.h; name = Line.h; path = ../../Line.h; sourceTree = "<group>"; };
		982F4BB117E02C670058D8A1 /* main.cpp */ = {isa = PBXFileReference; fileEncoding = 4; lastKnownFileType = sourcecode.cpp.cpp; name = main.cpp; path = ../../main.cpp; sourceTree = "<group>"; };
		982F4BB217E02C670058D8A1 /* Makefile */ = {isa = PBXFileReference; fileEncoding = 4; lastKnownFileType = sourcecode.make; name = Makefile; path = ../../Makefile; sourceTree = "<group>"; };
		982F4BB317E02C670058D8A1 /* Plane.cpp */ = {isa = PBXFileReference; fileEncoding = 4; lastKnownFileType = sourcecode.cpp.cpp; name = Plane.cpp; path = ../../Plane.cpp; sourceTree = "<group>"; };
		982F4BB417E02C670058D8A1 /* Plane.h */ = {isa = PBXFileReference; fileEncoding = 4; lastKnownFileType = sourcecode.c.h; name = Plane.h; path = ../../Plane.h; sourceTree = "<group>"; };
		982F4BB517E02C670058D8A1 /* Renderer.cpp */ = {isa = PBXFileReference; fileEncoding = 4; lastKnownFileType = sourcecode.cpp.cpp; name = Renderer.cpp; path = ../../Renderer.cpp; sourceTree = "<group>"; };
		982F4BB617E02C670058D8A1 /* Renderer.h */ = {isa = PBXFileReference; fileEncoding = 4; lastKnownFileType = sourcecode.c.h; name = Renderer.h; path = ../../Renderer.h; sourceTree = "<group>"; };
		982F4BB717E02C670058D8A1 /* Shader.cpp */ = {isa = PBXFileReference; fileEncoding = 4; lastKnownFileType = sourcecode.cpp.cpp; name = Shader.cpp; path = ../../Shader.cpp; sourceTree = "<group>"; };
		982F4BB817E02C670058D8A1 /* Shader.h */ = {isa = PBXFileReference; fileEncoding = 4; lastKnownFileType = sourcecode.c.h; name = Shader.h; path = ../../Shader.h; sourceTree = "<group>"; };
		982F4BB917E02C670058D8A1 /* Vertex.h */ = {isa = PBXFileReference; fileEncoding = 4; lastKnownFileType = sourcecode.c.h; name = Vertex.h; path = ../../Vertex.h; sourceTree = "<group>"; };
		982F4BBA17E02C670058D8A1 /* Viewport.cpp */ = {isa = PBXFileReference; fileEncoding = 4; lastKnownFileType = sourcecode.cpp.cpp; name = Viewport.cpp; path = ../../Viewport.cpp; sourceTree = "<group>"; };
		982F4BBB17E02C670058D8A1 /* Viewport.h */ = {isa = PBXFileReference; fileEncoding = 4; lastKnownFileType = sourcecode.c.h; name = Viewport.h; path = ../../Viewport.h; sourceTree = "<group>"; };
		982F4BC617E02C870058D8A1 /* OpenGL.framework */ = {isa = PBXFileReference; lastKnownFileType = wrapper.framework; name = OpenGL.framework; path = System/Library/Frameworks/OpenGL.framework; sourceTree = SDKROOT; };
		982F4BC817E02C8C0058D8A1 /* GLUT.framework */ = {isa = PBXFileReference; lastKnownFileType = wrapper.framework; name = GLUT.framework; path = System/Library/Frameworks/GLUT.framework; sourceTree = SDKROOT; };
		982F4BCA17E02FF70058D8A1 /* glmHelper.h */ = {isa = PBXFileReference; fileEncoding = 4; lastKnownFileType = sourcecode.c.h; name = glmHelper.h; path = ../../glmHelper.h; sourceTree = "<group>"; };
/* End PBXFileReference section */

/* Begin PBXFrameworksBuildPhase section */
		982F4B9717E02C440058D8A1 /* Frameworks */ = {
			isa = PBXFrameworksBuildPhase;
			buildActionMask = 2147483647;
			files = (
				982F4BC917E02C8C0058D8A1 /* GLUT.framework in Frameworks */,
				982F4BC717E02C870058D8A1 /* OpenGL.framework in Frameworks */,
			);
			runOnlyForDeploymentPostprocessing = 0;
		};
/* End PBXFrameworksBuildPhase section */

/* Begin PBXGroup section */
		982F4B9117E02C440058D8A1 = {
			isa = PBXGroup;
			children = (
				982F4BC817E02C8C0058D8A1 /* GLUT.framework */,
				982F4BC617E02C870058D8A1 /* OpenGL.framework */,
				982F4B9C17E02C440058D8A1 /* srenderer */,
				982F4B9B17E02C440058D8A1 /* Products */,
			);
			sourceTree = "<group>";
		};
		982F4B9B17E02C440058D8A1 /* Products */ = {
			isa = PBXGroup;
			children = (
				982F4B9A17E02C440058D8A1 /* srenderer */,
			);
			name = Products;
			sourceTree = "<group>";
		};
		982F4B9C17E02C440058D8A1 /* srenderer */ = {
			isa = PBXGroup;
			children = (
				982F4BA617E02C670058D8A1 /* Colour.h */,
				982F4BA717E02C670058D8A1 /* Depthbuffer.cpp */,
				982F4BA817E02C670058D8A1 /* Depthbuffer.h */,
				982F4BA917E02C670058D8A1 /* Exceptions.h */,
				982F4BAA17E02C670058D8A1 /* Fragment.h */,
				982F4BAB17E02C670058D8A1 /* Framebuffer.cpp */,
				982F4BAC17E02C670058D8A1 /* Framebuffer.h */,
				982F4BAD17E02C670058D8A1 /* Frustum.cpp */,
				982F4BAE17E02C670058D8A1 /* Frustum.h */,
				982F4BAF17E02C670058D8A1 /* Line.cpp */,
				982F4BB017E02C670058D8A1 /* Line.h */,
				982F4BB117E02C670058D8A1 /* main.cpp */,
				982F4BB217E02C670058D8A1 /* Makefile */,
				982F4BB317E02C670058D8A1 /* Plane.cpp */,
				982F4BB417E02C670058D8A1 /* Plane.h */,
				982F4BB517E02C670058D8A1 /* Renderer.cpp */,
				982F4BB617E02C670058D8A1 /* Renderer.h */,
				982F4BB717E02C670058D8A1 /* Shader.cpp */,
				982F4BB817E02C670058D8A1 /* Shader.h */,
				982F4BB917E02C670058D8A1 /* Vertex.h */,
				982F4BBA17E02C670058D8A1 /* Viewport.cpp */,
				982F4BBB17E02C670058D8A1 /* Viewport.h */,
				982F4B9F17E02C440058D8A1 /* srenderer.1 */,
				982F4BCA17E02FF70058D8A1 /* glmHelper.h */,
			);
			path = srenderer;
			sourceTree = "<group>";
		};
/* End PBXGroup section */

/* Begin PBXNativeTarget section */
		982F4B9917E02C440058D8A1 /* srenderer */ = {
			isa = PBXNativeTarget;
			buildConfigurationList = 982F4BA317E02C440058D8A1 /* Build configuration list for PBXNativeTarget "srenderer" */;
			buildPhases = (
				982F4B9617E02C440058D8A1 /* Sources */,
				982F4B9717E02C440058D8A1 /* Frameworks */,
				982F4B9817E02C440058D8A1 /* CopyFiles */,
			);
			buildRules = (
			);
			dependencies = (
			);
			name = srenderer;
			productName = srenderer;
			productReference = 982F4B9A17E02C440058D8A1 /* srenderer */;
			productType = "com.apple.product-type.tool";
		};
/* End PBXNativeTarget section */

/* Begin PBXProject section */
		982F4B9217E02C440058D8A1 /* Project object */ = {
			isa = PBXProject;
			attributes = {
				LastUpgradeCheck = 0460;
				ORGANIZATIONNAME = "Markus Broecker";
			};
			buildConfigurationList = 982F4B9517E02C440058D8A1 /* Build configuration list for PBXProject "srenderer" */;
			compatibilityVersion = "Xcode 3.2";
			developmentRegion = English;
			hasScannedForEncodings = 0;
			knownRegions = (
				en,
			);
			mainGroup = 982F4B9117E02C440058D8A1;
			productRefGroup = 982F4B9B17E02C440058D8A1 /* Products */;
			projectDirPath = "";
			projectRoot = "";
			targets = (
				982F4B9917E02C440058D8A1 /* srenderer */,
			);
		};
/* End PBXProject section */

/* Begin PBXSourcesBuildPhase section */
		982F4B9617E02C440058D8A1 /* Sources */ = {
			isa = PBXSourcesBuildPhase;
			buildActionMask = 2147483647;
			files = (
				982F4BBC17E02C670058D8A1 /* Depthbuffer.cpp in Sources */,
				982F4BBD17E02C670058D8A1 /* Framebuffer.cpp in Sources */,
				982F4BBE17E02C670058D8A1 /* Frustum.cpp in Sources */,
				982F4BBF17E02C670058D8A1 /* Line.cpp in Sources */,
				982F4BC017E02C670058D8A1 /* main.cpp in Sources */,
				982F4BC117E02C670058D8A1 /* Makefile in Sources */,
				982F4BC217E02C670058D8A1 /* Plane.cpp in Sources */,
				982F4BC317E02C670058D8A1 /* Renderer.cpp in Sources */,
				982F4BC417E02C670058D8A1 /* Shader.cpp in Sources */,
				982F4BC517E02C670058D8A1 /* Viewport.cpp in Sources */,
			);
			runOnlyForDeploymentPostprocessing = 0;
		};
/* End PBXSourcesBuildPhase section */

/* Begin XCBuildConfiguration section */
		982F4BA117E02C440058D8A1 /* Debug */ = {
			isa = XCBuildConfiguration;
			buildSettings = {
				ALWAYS_SEARCH_USER_PATHS = NO;
				ARCHS = "$(ARCHS_STANDARD_64_BIT)";
				CLANG_CXX_LANGUAGE_STANDARD = "gnu++0x";
				CLANG_CXX_LIBRARY = "libc++";
				CLANG_WARN_CONSTANT_CONVERSION = YES;
				CLANG_WARN_EMPTY_BODY = YES;
				CLANG_WARN_ENUM_CONVERSION = YES;
				CLANG_WARN_INT_CONVERSION = YES;
				CLANG_WARN__DUPLICATE_METHOD_MATCH = YES;
				COPY_PHASE_STRIP = NO;
				GCC_C_LANGUAGE_STANDARD = gnu99;
				GCC_DYNAMIC_NO_PIC = NO;
				GCC_ENABLE_OBJC_EXCEPTIONS = YES;
				GCC_OPTIMIZATION_LEVEL = 0;
				GCC_PREPROCESSOR_DEFINITIONS = (
					"DEBUG=1",
					"$(inherited)",
				);
				GCC_SYMBOLS_PRIVATE_EXTERN = NO;
				GCC_WARN_64_TO_32_BIT_CONVERSION = YES;
				GCC_WARN_ABOUT_RETURN_TYPE = YES;
				GCC_WARN_UNINITIALIZED_AUTOS = YES;
				GCC_WARN_UNUSED_VARIABLE = YES;
				MACOSX_DEPLOYMENT_TARGET = 10.8;
				ONLY_ACTIVE_ARCH = YES;
				SDKROOT = macosx;
			};
			name = Debug;
		};
		982F4BA217E02C440058D8A1 /* Release */ = {
			isa = XCBuildConfiguration;
			buildSettings = {
				ALWAYS_SEARCH_USER_PATHS = NO;
				ARCHS = "$(ARCHS_STANDARD_64_BIT)";
				CLANG_CXX_LANGUAGE_STANDARD = "gnu++0x";
				CLANG_CXX_LIBRARY = "libc++";
				CLANG_WARN_CONSTANT_CONVERSION = YES;
				CLANG_WARN_EMPTY_BODY = YES;
				CLANG_WARN_ENUM_CONVERSION = YES;
				CLANG_WARN_INT_CONVERSION = YES;
				CLANG_WARN__DUPLICATE_METHOD_MATCH = YES;
				COPY_PHASE_STRIP = YES;
				DEBUG_INFORMATION_FORMAT = "dwarf-with-dsym";
				GCC_C_LANGUAGE_STANDARD = gnu99;
				GCC_ENABLE_OBJC_EXCEPTIONS = YES;
				GCC_WARN_64_TO_32_BIT_CONVERSION = YES;
				GCC_WARN_ABOUT_RETURN_TYPE = YES;
				GCC_WARN_UNINITIALIZED_AUTOS = YES;
				GCC_WARN_UNUSED_VARIABLE = YES;
				MACOSX_DEPLOYMENT_TARGET = 10.8;
				SDKROOT = macosx;
			};
			name = Release;
		};
		982F4BA417E02C440058D8A1 /* Debug */ = {
			isa = XCBuildConfiguration;
			buildSettings = {
				HEADER_SEARCH_PATHS = /usr/local/include;
				PRODUCT_NAME = "$(TARGET_NAME)";
			};
			name = Debug;
		};
		982F4BA517E02C440058D8A1 /* Release */ = {
			isa = XCBuildConfiguration;
			buildSettings = {
				HEADER_SEARCH_PATHS = /usr/local/include;
				PRODUCT_NAME = "$(TARGET_NAME)";
			};
			name = Release;
		};
/* End XCBuildConfiguration section */

/* Begin XCConfigurationList section */
		982F4B9517E02C440058D8A1 /* Build configuration list for PBXProject "srenderer" */ = {
			isa = XCConfigurationList;
			buildConfigurations = (
				982F4BA117E02C440058D8A1 /* Debug */,
				982F4BA217E02C440058D8A1 /* Release */,
			);
			defaultConfigurationIsVisible = 0;
			defaultConfigurationName = Release;
		};
		982F4BA317E02C440058D8A1 /* Build configuration list for PBXNativeTarget "srenderer" */ = {
			isa = XCConfigurationList;
			buildConfigurations = (
				982F4BA417E02C440058D8A1 /* Debug */,
				982F4BA517E02C440058D8A1 /* Release */,
			);
			defaultConfigurationIsVisible = 0;
		};
/* End XCConfigurationList section */
	};
	rootObject = 982F4B9217E02C440058D8A1 /* Project object */;
}
